<?xml version="1.0" encoding="utf-8"?>
<Project ToolsVersion="4.0" xmlns="http://schemas.microsoft.com/developer/msbuild/2003">
  <ItemGroup>
    <Filter Include="Game">
      <UniqueIdentifier>{09f68235-1989-4168-8a01-88320c00a671}</UniqueIdentifier>
    </Filter>
    <Filter Include="Plaza">
      <UniqueIdentifier>{469775e4-a3b6-4231-a3fb-8b369722d608}</UniqueIdentifier>
    </Filter>
    <Filter Include="Game\WZQ">
      <UniqueIdentifier>{cdc31b24-5f0b-44ad-914c-8421049cf698}</UniqueIdentifier>
    </Filter>
    <Filter Include="Main">
      <UniqueIdentifier>{bbe34a61-2b68-4d70-9612-8f3119667209}</UniqueIdentifier>
    </Filter>
    <Filter Include="Plaza\GameManager">
      <UniqueIdentifier>{ed32e7d6-5840-47d9-8852-6ec4751e649a}</UniqueIdentifier>
    </Filter>
    <Filter Include="Plaza\HomeScene">
      <UniqueIdentifier>{635aafae-9e6e-4f85-846c-978349e60072}</UniqueIdentifier>
    </Filter>
    <Filter Include="Plaza\HomeScene\CreateRoom">
      <UniqueIdentifier>{506a894c-75ce-4f86-9696-00edd5660eba}</UniqueIdentifier>
    </Filter>
    <Filter Include="Plaza\LoadingScene">
      <UniqueIdentifier>{665e348b-c2ef-4806-a703-59b0cb5d29e9}</UniqueIdentifier>
    </Filter>
    <Filter Include="Plaza\LoginScene">
      <UniqueIdentifier>{d033ee5f-624e-47ee-bfaf-3f5c2f413388}</UniqueIdentifier>
    </Filter>
    <Filter Include="Game\NN">
      <UniqueIdentifier>{936e4dc5-e042-43bd-846b-2f3e8e250efc}</UniqueIdentifier>
    </Filter>
    <Filter Include="Game\NN\CardTurn">
      <UniqueIdentifier>{033b57b7-3587-4f2b-90bf-11bd5493744b}</UniqueIdentifier>
    </Filter>
    <Filter Include="Game\XZDD">
      <UniqueIdentifier>{0420c3e9-6c05-4794-94b1-4f8ba5786f9e}</UniqueIdentifier>
    </Filter>
    <Filter Include="Game\SRLF">
      <UniqueIdentifier>{e5ee47c7-bf73-4505-980b-ff5cc388fe4b}</UniqueIdentifier>
    </Filter>
    <Filter Include="Game\ZJH">
      <UniqueIdentifier>{4d5d3067-0445-41ea-93cf-7dfe14636788}</UniqueIdentifier>
    </Filter>
    <Filter Include="Game\SG">
      <UniqueIdentifier>{6082e714-15bf-4478-a4bf-3f7d2f927cc2}</UniqueIdentifier>
    </Filter>
    <Filter Include="common">
      <UniqueIdentifier>{7d271043-a1ec-4eb2-a55d-183241115445}</UniqueIdentifier>
    </Filter>
  </ItemGroup>
  <ItemGroup>
    <ClInclude Include="..\Classes\Game\WZQ\CMD_WZQ.h">
      <Filter>Game\WZQ</Filter>
    </ClInclude>
    <ClInclude Include="..\Classes\Game\WZQ\WZQDGameLogic.h">
      <Filter>Game\WZQ</Filter>
    </ClInclude>
    <ClInclude Include="..\Classes\Game\WZQ\WZQDGameScence.h">
      <Filter>Game\WZQ</Filter>
    </ClInclude>
    <ClInclude Include="..\Classes\Game\WZQ\WZQDPlayer.h">
      <Filter>Game\WZQ</Filter>
    </ClInclude>
    <ClInclude Include="..\Classes\Game\WZQ\WZQDSoundFun.h">
      <Filter>Game\WZQ</Filter>
    </ClInclude>
    <ClInclude Include="..\Classes\Game\NN\NNCalculate.h">
      <Filter>Game\NN</Filter>
    </ClInclude>
    <ClInclude Include="..\Classes\Game\NN\NNDismissRoom.h">
      <Filter>Game\NN</Filter>
    </ClInclude>
    <ClInclude Include="..\Classes\Game\NN\NNGameLogic.h">
      <Filter>Game\NN</Filter>
    </ClInclude>
    <ClInclude Include="..\Classes\Game\NN\NNGameScene.h">
      <Filter>Game\NN</Filter>
    </ClInclude>
    <ClInclude Include="..\Classes\Game\NN\NNGameScene_Touch.h">
      <Filter>Game\NN</Filter>
    </ClInclude>
    <ClInclude Include="..\Classes\Game\NN\NNOperator.h">
      <Filter>Game\NN</Filter>
    </ClInclude>
    <ClInclude Include="..\Classes\Game\NN\NNPlayer.h">
      <Filter>Game\NN</Filter>
    </ClInclude>
    <ClInclude Include="..\Classes\Game\NN\NNPlayerCard.h">
      <Filter>Game\NN</Filter>
    </ClInclude>
    <ClInclude Include="..\Classes\Game\NN\NNPlayerPanel.h">
      <Filter>Game\NN</Filter>
    </ClInclude>
    <ClInclude Include="..\Classes\Game\NN\NNRoomDetail.h">
      <Filter>Game\NN</Filter>
    </ClInclude>
    <ClInclude Include="..\Classes\Game\NN\NNRoomInfo.h">
      <Filter>Game\NN</Filter>
    </ClInclude>
    <ClInclude Include="..\Classes\Game\NN\NNSetting.h">
      <Filter>Game\NN</Filter>
    </ClInclude>
    <ClInclude Include="..\Classes\Game\NN\NNSound.h">
      <Filter>Game\NN</Filter>
    </ClInclude>
    <ClInclude Include="..\Classes\Game\NN\NNTurnCard.h">
      <Filter>Game\NN</Filter>
    </ClInclude>
    <ClInclude Include="..\Classes\Game\NN\TurnCardAction\CardBackTurn.h">
      <Filter>Game\NN\CardTurn</Filter>
    </ClInclude>
    <ClInclude Include="..\Classes\Game\NN\TurnCardAction\CardFrontTurn.h">
      <Filter>Game\NN\CardTurn</Filter>
    </ClInclude>
    <ClInclude Include="..\Classes\Game\NN\TurnCardAction\CardMidTurn.h">
      <Filter>Game\NN\CardTurn</Filter>
    </ClInclude>
    <ClInclude Include="..\Classes\Game\NN\TurnCardAction\CardTurnAction.h">
      <Filter>Game\NN\CardTurn</Filter>
    </ClInclude>
    <ClInclude Include="..\Classes\Game\NN\TurnCardAction\CardTurnOption.h">
      <Filter>Game\NN\CardTurn</Filter>
    </ClInclude>
    <ClInclude Include="..\Classes\Game\NN\TurnCardAction\CardTurnTouch.h">
      <Filter>Game\NN\CardTurn</Filter>
    </ClInclude>
    <ClInclude Include="..\Classes\Game\NN\TurnCardAction\TurnCardNode.h">
      <Filter>Game\NN\CardTurn</Filter>
    </ClInclude>
    <ClInclude Include="..\Classes\Main\AppDelegate.h">
      <Filter>Main</Filter>
    </ClInclude>
    <ClInclude Include="..\Classes\Plaza\GameManager\GPGameLink.h">
      <Filter>Plaza\GameManager</Filter>
    </ClInclude>
    <ClInclude Include="..\Classes\Plaza\GameManager\GPGameManager.h">
      <Filter>Plaza\GameManager</Filter>
    </ClInclude>
    <ClInclude Include="..\Classes\Plaza\GameManager\GPSceneManager.h">
      <Filter>Plaza\GameManager</Filter>
    </ClInclude>
    <ClInclude Include="..\Classes\Plaza\HomeScene\BtnTurnLayer.h">
      <Filter>Plaza\HomeScene</Filter>
    </ClInclude>
    <ClInclude Include="..\Classes\Plaza\HomeScene\GPHomeScene.h">
      <Filter>Plaza\HomeScene</Filter>
    </ClInclude>
    <ClInclude Include="..\Classes\Plaza\HomeScene\CreateRoom\GPHomeCreateRoomPanel_NN.h">
      <Filter>Plaza\HomeScene\CreateRoom</Filter>
    </ClInclude>
    <ClInclude Include="..\Classes\Plaza\HomeScene\CreateRoom\GPHomeCreateRoomPanel_SG.h">
      <Filter>Plaza\HomeScene\CreateRoom</Filter>
    </ClInclude>
    <ClInclude Include="..\Classes\Plaza\HomeScene\CreateRoom\GPHomeCreateRoomPanel_SRLF.h">
      <Filter>Plaza\HomeScene\CreateRoom</Filter>
    </ClInclude>
    <ClInclude Include="..\Classes\Plaza\HomeScene\CreateRoom\GPHomeCreateRoomPanel_TLJ.h">
      <Filter>Plaza\HomeScene\CreateRoom</Filter>
    </ClInclude>
    <ClInclude Include="..\Classes\Plaza\HomeScene\CreateRoom\GPHomeCreateRoomPanel_XZDD.h">
      <Filter>Plaza\HomeScene\CreateRoom</Filter>
    </ClInclude>
    <ClInclude Include="..\Classes\Plaza\HomeScene\CreateRoom\GPHomeRoomListPanel_NN.h">
      <Filter>Plaza\HomeScene\CreateRoom</Filter>
    </ClInclude>
    <ClInclude Include="..\Classes\Plaza\HomeScene\CreateRoom\GPHomeRoomListPanel_SG.h">
      <Filter>Plaza\HomeScene\CreateRoom</Filter>
    </ClInclude>
    <ClInclude Include="..\Classes\Plaza\HomeScene\CreateRoom\GPHomeRoomListPanel_SRLF.h">
      <Filter>Plaza\HomeScene\CreateRoom</Filter>
    </ClInclude>
    <ClInclude Include="..\Classes\Plaza\HomeScene\CreateRoom\GPHomeRoomListPanel_TLJ.h">
      <Filter>Plaza\HomeScene\CreateRoom</Filter>
    </ClInclude>
    <ClInclude Include="..\Classes\Plaza\HomeScene\CreateRoom\GPHomeRoomListPanel_WZQ.h">
      <Filter>Plaza\HomeScene\CreateRoom</Filter>
    </ClInclude>
    <ClInclude Include="..\Classes\Plaza\HomeScene\CreateRoom\GPHomeRoomListPanel_XZDD.h">
      <Filter>Plaza\HomeScene\CreateRoom</Filter>
    </ClInclude>
    <ClInclude Include="..\Classes\Plaza\HomeScene\GPHomeEditNumPanel.h">
      <Filter>Plaza\HomeScene</Filter>
    </ClInclude>
    <ClInclude Include="..\Classes\Plaza\HomeScene\GPHomeEnterRoomPanel.h">
      <Filter>Plaza\HomeScene</Filter>
    </ClInclude>
    <ClInclude Include="..\Classes\Plaza\HomeScene\GPHomeExitPanel.h">
      <Filter>Plaza\HomeScene</Filter>
    </ClInclude>
    <ClInclude Include="..\Classes\Plaza\HomeScene\GPHomeHelpPanel.h">
      <Filter>Plaza\HomeScene</Filter>
    </ClInclude>
    <ClInclude Include="..\Classes\Plaza\HomeScene\GPHomeMallPanel.h">
      <Filter>Plaza\HomeScene</Filter>
    </ClInclude>
    <ClInclude Include="..\Classes\Plaza\HomeScene\GPHomeMorePanel.h">
      <Filter>Plaza\HomeScene</Filter>
    </ClInclude>
    <ClInclude Include="..\Classes\Plaza\HomeScene\GPHomePromotionPanel.h">
      <Filter>Plaza\HomeScene</Filter>
    </ClInclude>
    <ClInclude Include="..\Classes\Plaza\HomeScene\GPHomeRaidersPanel.h">
      <Filter>Plaza\HomeScene</Filter>
    </ClInclude>
    <ClInclude Include="..\Classes\Plaza\HomeScene\GPHomeRankPanel.h">
      <Filter>Plaza\HomeScene</Filter>
    </ClInclude>
    <ClInclude Include="..\Classes\Plaza\HomeScene\GPHomeRecordPanel.h">
      <Filter>Plaza\HomeScene</Filter>
    </ClInclude>
    <ClInclude Include="..\Classes\Plaza\HomeScene\GPHomeServicePanel.h">
      <Filter>Plaza\HomeScene</Filter>
    </ClInclude>
    <ClInclude Include="..\Classes\Plaza\HomeScene\GPHomeSettingPanel.h">
      <Filter>Plaza\HomeScene</Filter>
    </ClInclude>
    <ClInclude Include="..\Classes\Plaza\HomeScene\GPHomeSharePanel.h">
      <Filter>Plaza\HomeScene</Filter>
    </ClInclude>
    <ClInclude Include="..\Classes\Plaza\HomeScene\GPHomeUserInfoPanel.h">
      <Filter>Plaza\HomeScene</Filter>
    </ClInclude>
    <ClInclude Include="..\Classes\Plaza\LoadingScene\GPLoadingScene.h">
      <Filter>Plaza\LoadingScene</Filter>
    </ClInclude>
    <ClInclude Include="..\Classes\Plaza\LoginScene\GPLoginScene.h">
      <Filter>Plaza\LoginScene</Filter>
    </ClInclude>
    <ClInclude Include="..\Classes\Game\XZDD\Arryh.h">
      <Filter>Game\XZDD</Filter>
    </ClInclude>
    <ClInclude Include="..\Classes\Game\XZDD\CMD_XZDD.h">
      <Filter>Game\XZDD</Filter>
    </ClInclude>
    <ClInclude Include="..\Classes\Game\XZDD\XZDDGameLogic.h">
      <Filter>Game\XZDD</Filter>
    </ClInclude>
    <ClInclude Include="..\Classes\Game\XZDD\XZDDGameScence.h">
      <Filter>Game\XZDD</Filter>
    </ClInclude>
    <ClInclude Include="..\Classes\Game\XZDD\XZDDPlayer.h">
      <Filter>Game\XZDD</Filter>
    </ClInclude>
    <ClInclude Include="..\Classes\Game\XZDD\XZDDSoundFun.h">
      <Filter>Game\XZDD</Filter>
    </ClInclude>
    <ClInclude Include="..\Classes\Game\SRLF\CMD_SRLF.h">
      <Filter>Game\SRLF</Filter>
    </ClInclude>
    <ClInclude Include="..\Classes\Game\SRLF\SRLFGameLogic.h">
      <Filter>Game\SRLF</Filter>
    </ClInclude>
    <ClInclude Include="..\Classes\Game\SRLF\SRLFGameScence.h">
      <Filter>Game\SRLF</Filter>
    </ClInclude>
    <ClInclude Include="..\Classes\Game\SRLF\SRLFPlayer.h">
      <Filter>Game\SRLF</Filter>
    </ClInclude>
    <ClInclude Include="..\Classes\Game\SRLF\SRLFRoomDetail.h">
      <Filter>Game\SRLF</Filter>
    </ClInclude>
    <ClInclude Include="..\Classes\Game\SRLF\SRLFSetting.h">
      <Filter>Game\SRLF</Filter>
    </ClInclude>
    <ClInclude Include="..\Classes\Game\SRLF\SRLFSoundFun.h">
      <Filter>Game\SRLF</Filter>
    </ClInclude>
    <ClInclude Include="..\Classes\Game\ZJH\CMD_TLJ.h">
      <Filter>Game\ZJH</Filter>
    </ClInclude>
    <ClInclude Include="..\Classes\Game\ZJH\TLJAnimation.h">
      <Filter>Game\ZJH</Filter>
    </ClInclude>
    <ClInclude Include="..\Classes\Game\ZJH\TLJCalculateDetailPanel.h">
      <Filter>Game\ZJH</Filter>
    </ClInclude>
    <ClInclude Include="..\Classes\Game\ZJH\TLJCalculatePanel.h">
      <Filter>Game\ZJH</Filter>
    </ClInclude>
    <ClInclude Include="..\Classes\Game\ZJH\TLJChipContainer.h">
      <Filter>Game\ZJH</Filter>
    </ClInclude>
    <ClInclude Include="..\Classes\Game\ZJH\TLJDismissRoom.h">
      <Filter>Game\ZJH</Filter>
    </ClInclude>
    <ClInclude Include="..\Classes\Game\ZJH\TLJDismissRoomConfirm.h">
      <Filter>Game\ZJH</Filter>
    </ClInclude>
    <ClInclude Include="..\Classes\Game\ZJH\TLJGameLogic.h">
      <Filter>Game\ZJH</Filter>
    </ClInclude>
    <ClInclude Include="..\Classes\Game\ZJH\TLJGameScence.h">
      <Filter>Game\ZJH</Filter>
    </ClInclude>
    <ClInclude Include="..\Classes\Game\ZJH\TLJGameScence_Touch.h">
      <Filter>Game\ZJH</Filter>
    </ClInclude>
    <ClInclude Include="..\Classes\Game\ZJH\TLJHeaders.h">
      <Filter>Game\ZJH</Filter>
    </ClInclude>
    <ClInclude Include="..\Classes\Game\ZJH\TLJInfoPanel.h">
      <Filter>Game\ZJH</Filter>
    </ClInclude>
    <ClInclude Include="..\Classes\Game\ZJH\TLJOperate.h">
      <Filter>Game\ZJH</Filter>
    </ClInclude>
    <ClInclude Include="..\Classes\Game\ZJH\TLJPlayer.h">
      <Filter>Game\ZJH</Filter>
    </ClInclude>
    <ClInclude Include="..\Classes\Game\ZJH\TLJPlayer_Card.h">
      <Filter>Game\ZJH</Filter>
    </ClInclude>
    <ClInclude Include="..\Classes\Game\ZJH\TLJPlayer_Panel.h">
      <Filter>Game\ZJH</Filter>
    </ClInclude>
    <ClInclude Include="..\Classes\Game\ZJH\TLJRoomDetail.h">
      <Filter>Game\ZJH</Filter>
    </ClInclude>
    <ClInclude Include="..\Classes\Game\ZJH\TLJSettingPanel.h">
      <Filter>Game\ZJH</Filter>
    </ClInclude>
    <ClInclude Include="..\Classes\Game\ZJH\TLJSoundFun.h">
      <Filter>Game\ZJH</Filter>
    </ClInclude>
    <ClInclude Include="..\Classes\Game\SG\SGCalculate.h">
      <Filter>Game\SG</Filter>
    </ClInclude>
    <ClInclude Include="..\Classes\Game\SG\SGCardAnimation.h">
      <Filter>Game\SG</Filter>
    </ClInclude>
    <ClInclude Include="..\Classes\Game\SG\SGDismissRoom.h">
      <Filter>Game\SG</Filter>
    </ClInclude>
    <ClInclude Include="..\Classes\Game\SG\SGGameLogic.h">
      <Filter>Game\SG</Filter>
    </ClInclude>
    <ClInclude Include="..\Classes\Game\SG\SGGameScence.h">
      <Filter>Game\SG</Filter>
    </ClInclude>
    <ClInclude Include="..\Classes\Game\SG\SGGameScene_Touch.h">
      <Filter>Game\SG</Filter>
    </ClInclude>
    <ClInclude Include="..\Classes\Game\SG\SGOperator.h">
      <Filter>Game\SG</Filter>
    </ClInclude>
    <ClInclude Include="..\Classes\Game\SG\SGPlayer.h">
      <Filter>Game\SG</Filter>
    </ClInclude>
    <ClInclude Include="..\Classes\Game\SG\SGPlayerCard.h">
      <Filter>Game\SG</Filter>
    </ClInclude>
    <ClInclude Include="..\Classes\Game\SG\SGPlayerPanel.h">
      <Filter>Game\SG</Filter>
    </ClInclude>
    <ClInclude Include="..\Classes\Game\SG\SGRoomDetail.h">
      <Filter>Game\SG</Filter>
    </ClInclude>
    <ClInclude Include="..\Classes\Game\SG\SGRoomInfo.h">
      <Filter>Game\SG</Filter>
    </ClInclude>
    <ClInclude Include="..\Classes\Game\SG\SGSound.h">
      <Filter>Game\SG</Filter>
    </ClInclude>
    <ClInclude Include="..\Classes\Game\SG\CMD_SG.h">
      <Filter>Game\SG</Filter>
    </ClInclude>
    <ClInclude Include="..\Classes\Plaza\HomeScene\CreateRoom\GPHomeCreateRoom.h">
      <Filter>Plaza\HomeScene\CreateRoom</Filter>
    </ClInclude>
    <ClInclude Include="..\Classes\COCOS.h">
      <Filter>common</Filter>
    </ClInclude>
    <ClInclude Include="..\Classes\common.h">
      <Filter>common</Filter>
    </ClInclude>
    <ClInclude Include="..\Classes\constant.h">
      <Filter>common</Filter>
    </ClInclude>
    <ClInclude Include="..\Classes\DEFINE.h">
      <Filter>common</Filter>
    </ClInclude>
    <ClInclude Include="..\Classes\GAME.h">
      <Filter>common</Filter>
    </ClInclude>
    <ClInclude Include="..\Classes\SCRIPT.h">
      <Filter>common</Filter>
    </ClInclude>
    <ClInclude Include="..\Classes\UTILITY.h">
      <Filter>common</Filter>
    </ClInclude>
    <ClInclude Include="..\Classes\WIDGET.h">
      <Filter>common</Filter>
    </ClInclude>
    <ClInclude Include="..\Classes\Game\NN\CMD_NN.h">
      <Filter>Game\NN</Filter>
    </ClInclude>
    <ClInclude Include="main.h">
      <Filter>Main</Filter>
    </ClInclude>
  </ItemGroup>
  <ItemGroup>
    <ClCompile Include="..\Classes\Game\NN\NNCalculate.cpp">
      <Filter>Game\NN</Filter>
    </ClCompile>
    <ClCompile Include="..\Classes\Game\NN\NNDismissRoom.cpp">
      <Filter>Game\NN</Filter>
    </ClCompile>
    <ClCompile Include="..\Classes\Game\NN\NNGameLogic.cpp">
      <Filter>Game\NN</Filter>
    </ClCompile>
    <ClCompile Include="..\Classes\Game\NN\NNGameScene.cpp">
      <Filter>Game\NN</Filter>
    </ClCompile>
    <ClCompile Include="..\Classes\Game\NN\NNGameScene_Touch.cpp">
      <Filter>Game\NN</Filter>
    </ClCompile>
    <ClCompile Include="..\Classes\Game\NN\NNOperator.cpp">
      <Filter>Game\NN</Filter>
    </ClCompile>
    <ClCompile Include="..\Classes\Game\NN\NNPlayer.cpp">
      <Filter>Game\NN</Filter>
    </ClCompile>
    <ClCompile Include="..\Classes\Game\NN\NNPlayerCard.cpp">
      <Filter>Game\NN</Filter>
    </ClCompile>
    <ClCompile Include="..\Classes\Game\NN\NNPlayerPanel.cpp">
      <Filter>Game\NN</Filter>
    </ClCompile>
    <ClCompile Include="..\Classes\Game\NN\NNRoomDetail.cpp">
      <Filter>Game\NN</Filter>
    </ClCompile>
    <ClCompile Include="..\Classes\Game\NN\NNRoomInfo.cpp">
      <Filter>Game\NN</Filter>
    </ClCompile>
    <ClCompile Include="..\Classes\Game\NN\NNSetting.cpp">
      <Filter>Game\NN</Filter>
    </ClCompile>
    <ClCompile Include="..\Classes\Game\NN\NNSound.cpp">
      <Filter>Game\NN</Filter>
    </ClCompile>
    <ClCompile Include="..\Classes\Game\NN\NNTurnCard.cpp">
      <Filter>Game\NN</Filter>
    </ClCompile>
    <ClCompile Include="..\Classes\Game\NN\TurnCardAction\CardBackTurn.cpp">
      <Filter>Game\NN\CardTurn</Filter>
    </ClCompile>
    <ClCompile Include="..\Classes\Game\NN\TurnCardAction\CardFontTurn.cpp">
      <Filter>Game\NN\CardTurn</Filter>
    </ClCompile>
    <ClCompile Include="..\Classes\Game\NN\TurnCardAction\CardMidTurn.cpp">
      <Filter>Game\NN\CardTurn</Filter>
    </ClCompile>
    <ClCompile Include="..\Classes\Game\NN\TurnCardAction\CardTurnAction.cpp">
      <Filter>Game\NN\CardTurn</Filter>
    </ClCompile>
    <ClCompile Include="..\Classes\Game\NN\TurnCardAction\CardTurnTouch.cpp">
      <Filter>Game\NN\CardTurn</Filter>
    </ClCompile>
    <ClCompile Include="..\Classes\Game\NN\TurnCardAction\TurnCardNode.cpp">
      <Filter>Game\NN\CardTurn</Filter>
    </ClCompile>
    <ClCompile Include="..\Classes\Main\AppDelegate.cpp">
      <Filter>Main</Filter>
    </ClCompile>
    <ClCompile Include="..\Classes\Plaza\GameManager\GPGameLink.cpp">
      <Filter>Plaza\GameManager</Filter>
    </ClCompile>
    <ClCompile Include="..\Classes\Plaza\GameManager\GPGameManager.cpp">
      <Filter>Plaza\GameManager</Filter>
    </ClCompile>
    <ClCompile Include="..\Classes\Plaza\GameManager\GPSceneManager.cpp">
      <Filter>Plaza\GameManager</Filter>
    </ClCompile>
    <ClCompile Include="..\Classes\Plaza\HomeScene\BtnTurnLayer.cpp">
      <Filter>Plaza\HomeScene</Filter>
    </ClCompile>
    <ClCompile Include="..\Classes\Plaza\HomeScene\GPHomeScene.cpp">
      <Filter>Plaza\HomeScene</Filter>
    </ClCompile>
    <ClCompile Include="..\Classes\Plaza\HomeScene\GPHomeScene_Button.cpp">
      <Filter>Plaza\HomeScene</Filter>
    </ClCompile>
    <ClCompile Include="..\Classes\Plaza\HomeScene\CreateRoom\GPHomeCreateRoomPanel_NN.cpp">
      <Filter>Plaza\HomeScene\CreateRoom</Filter>
    </ClCompile>
    <ClCompile Include="..\Classes\Plaza\HomeScene\CreateRoom\GPHomeCreateRoomPanel_SG.cpp">
      <Filter>Plaza\HomeScene\CreateRoom</Filter>
    </ClCompile>
    <ClCompile Include="..\Classes\Plaza\HomeScene\CreateRoom\GPHomeCreateRoomPanel_SRLF.cpp">
      <Filter>Plaza\HomeScene\CreateRoom</Filter>
    </ClCompile>
    <ClCompile Include="..\Classes\Plaza\HomeScene\CreateRoom\GPHomeCreateRoomPanel_TLJ.cpp">
      <Filter>Plaza\HomeScene\CreateRoom</Filter>
    </ClCompile>
    <ClCompile Include="..\Classes\Plaza\HomeScene\CreateRoom\GPHomeCreateRoomPanel_XZDD.cpp">
      <Filter>Plaza\HomeScene\CreateRoom</Filter>
    </ClCompile>
    <ClCompile Include="..\Classes\Plaza\HomeScene\CreateRoom\GPHomeRoomListPanel_NN.cpp">
      <Filter>Plaza\HomeScene\CreateRoom</Filter>
    </ClCompile>
    <ClCompile Include="..\Classes\Plaza\HomeScene\CreateRoom\GPHomeRoomListPanel_SG.cpp">
      <Filter>Plaza\HomeScene\CreateRoom</Filter>
    </ClCompile>
    <ClCompile Include="..\Classes\Plaza\HomeScene\CreateRoom\GPHomeRoomListPanel_SRLF.cpp">
      <Filter>Plaza\HomeScene\CreateRoom</Filter>
    </ClCompile>
    <ClCompile Include="..\Classes\Plaza\HomeScene\CreateRoom\GPHomeRoomListPanel_TLJ.cpp">
      <Filter>Plaza\HomeScene\CreateRoom</Filter>
    </ClCompile>
    <ClCompile Include="..\Classes\Plaza\HomeScene\CreateRoom\GPHomeRoomListPanel_WZQ.cpp">
      <Filter>Plaza\HomeScene\CreateRoom</Filter>
    </ClCompile>
    <ClCompile Include="..\Classes\Plaza\HomeScene\CreateRoom\GPHomeRoomListPanel_XZDD.cpp">
      <Filter>Plaza\HomeScene\CreateRoom</Filter>
    </ClCompile>
    <ClCompile Include="..\Classes\Plaza\HomeScene\GPHomeEditNumPanel.cpp">
      <Filter>Plaza\HomeScene</Filter>
    </ClCompile>
    <ClCompile Include="..\Classes\Plaza\HomeScene\GPHomeEnterRoomPanel.cpp">
      <Filter>Plaza\HomeScene</Filter>
    </ClCompile>
    <ClCompile Include="..\Classes\Plaza\HomeScene\GPHomeExitPanel.cpp">
      <Filter>Plaza\HomeScene</Filter>
    </ClCompile>
    <ClCompile Include="..\Classes\Plaza\HomeScene\GPHomeHelpPanel.cpp">
      <Filter>Plaza\HomeScene</Filter>
    </ClCompile>
    <ClCompile Include="..\Classes\Plaza\HomeScene\GPHomeMallPanel.cpp">
      <Filter>Plaza\HomeScene</Filter>
    </ClCompile>
    <ClCompile Include="..\Classes\Plaza\HomeScene\GPHomeMorePanel.cpp">
      <Filter>Plaza\HomeScene</Filter>
    </ClCompile>
    <ClCompile Include="..\Classes\Plaza\HomeScene\GPHomePromotionPanel.cpp">
      <Filter>Plaza\HomeScene</Filter>
    </ClCompile>
    <ClCompile Include="..\Classes\Plaza\HomeScene\GPHomeRaidersPanel.cpp">
      <Filter>Plaza\HomeScene</Filter>
    </ClCompile>
    <ClCompile Include="..\Classes\Plaza\HomeScene\GPHomeRankPanel.cpp">
      <Filter>Plaza\HomeScene</Filter>
    </ClCompile>
    <ClCompile Include="..\Classes\Plaza\HomeScene\GPHomeRecordPanel.cpp">
      <Filter>Plaza\HomeScene</Filter>
    </ClCompile>
    <ClCompile Include="..\Classes\Plaza\HomeScene\GPHomeServicePanel.cpp">
      <Filter>Plaza\HomeScene</Filter>
    </ClCompile>
    <ClCompile Include="..\Classes\Plaza\HomeScene\GPHomeSettingPanel.cpp">
      <Filter>Plaza\HomeScene</Filter>
    </ClCompile>
    <ClCompile Include="..\Classes\Plaza\HomeScene\GPHomeSharePanel.cpp">
      <Filter>Plaza\HomeScene</Filter>
    </ClCompile>
    <ClCompile Include="..\Classes\Plaza\HomeScene\GPHomeUserInfoPanel.cpp">
      <Filter>Plaza\HomeScene</Filter>
    </ClCompile>
    <ClCompile Include="..\Classes\Plaza\LoadingScene\GPLoadingScene.cpp">
      <Filter>Plaza\LoadingScene</Filter>
    </ClCompile>
    <ClCompile Include="..\Classes\Plaza\LoginScene\GPLoginScene.cpp">
      <Filter>Plaza\LoginScene</Filter>
    </ClCompile>
    <ClCompile Include="..\Classes\Plaza\LoginScene\GPLoginScene_LoginSink.cpp">
      <Filter>Plaza\LoginScene</Filter>
    </ClCompile>
    <ClCompile Include="main.cpp">
      <Filter>Main</Filter>
    </ClCompile>
    <ClCompile Include="..\Classes\Game\SG\SGCalculate.cpp">
      <Filter>Game\SG</Filter>
    </ClCompile>
    <ClCompile Include="..\Classes\Game\SG\SGCardAnimation.cpp">
      <Filter>Game\SG</Filter>
    </ClCompile>
    <ClCompile Include="..\Classes\Game\SG\SGDismissRoom.cpp">
      <Filter>Game\SG</Filter>
    </ClCompile>
    <ClCompile Include="..\Classes\Game\SG\SGGameLogic.cpp">
      <Filter>Game\SG</Filter>
    </ClCompile>
    <ClCompile Include="..\Classes\Game\SG\SGGameScence.cpp">
      <Filter>Game\SG</Filter>
    </ClCompile>
    <ClCompile Include="..\Classes\Game\SG\SGGameScene_Touch.cpp">
      <Filter>Game\SG</Filter>
    </ClCompile>
    <ClCompile Include="..\Classes\Game\SG\SGOperator.cpp">
      <Filter>Game\SG</Filter>
    </ClCompile>
    <ClCompile Include="..\Classes\Game\SG\SGPlayer.cpp">
      <Filter>Game\SG</Filter>
    </ClCompile>
    <ClCompile Include="..\Classes\Game\SG\SGPlayerCard.cpp">
      <Filter>Game\SG</Filter>
    </ClCompile>
    <ClCompile Include="..\Classes\Game\SG\SGPlayerPanel.cpp">
      <Filter>Game\SG</Filter>
    </ClCompile>
    <ClCompile Include="..\Classes\Game\SG\SGRoomDetail.cpp">
      <Filter>Game\SG</Filter>
    </ClCompile>
    <ClCompile Include="..\Classes\Game\SG\SGRoomInfo.cpp">
      <Filter>Game\SG</Filter>
    </ClCompile>
    <ClCompile Include="..\Classes\Game\SG\SGSound.cpp">
      <Filter>Game\SG</Filter>
    </ClCompile>
    <ClCompile Include="..\Classes\Game\SRLF\SRLFGameLogic.cpp">
      <Filter>Game\SRLF</Filter>
    </ClCompile>
    <ClCompile Include="..\Classes\Game\SRLF\SRLFGameScence.cpp">
      <Filter>Game\SRLF</Filter>
    </ClCompile>
    <ClCompile Include="..\Classes\Game\SRLF\SRLFGameScence_Button.cpp">
      <Filter>Game\SRLF</Filter>
    </ClCompile>
    <ClCompile Include="..\Classes\Game\SRLF\SRLFGameScence_CB.cpp">
      <Filter>Game\SRLF</Filter>
    </ClCompile>
    <ClCompile Include="..\Classes\Game\SRLF\SRLFGameScence_Command.cpp">
      <Filter>Game\SRLF</Filter>
    </ClCompile>
    <ClCompile Include="..\Classes\Game\SRLF\SRLFGameScence_Master.cpp">
      <Filter>Game\SRLF</Filter>
    </ClCompile>
    <ClCompile Include="..\Classes\Game\SRLF\SRLFGameScence_Net.cpp">
      <Filter>Game\SRLF</Filter>
    </ClCompile>
    <ClCompile Include="..\Classes\Game\SRLF\SRLFGameScence_Player.cpp">
      <Filter>Game\SRLF</Filter>
    </ClCompile>
    <ClCompile Include="..\Classes\Game\SRLF\SRLFGameScence_Private.cpp">
      <Filter>Game\SRLF</Filter>
    </ClCompile>
    <ClCompile Include="..\Classes\Game\SRLF\SRLFGameScence_Record.cpp">
      <Filter>Game\SRLF</Filter>
    </ClCompile>
    <ClCompile Include="..\Classes\Game\SRLF\SRLFGameScence_Set.cpp">
      <Filter>Game\SRLF</Filter>
    </ClCompile>
    <ClCompile Include="..\Classes\Game\SRLF\SRLFGameScence_Touch.cpp">
      <Filter>Game\SRLF</Filter>
    </ClCompile>
    <ClCompile Include="..\Classes\Game\SRLF\SRLFPlayer.cpp">
      <Filter>Game\SRLF</Filter>
    </ClCompile>
    <ClCompile Include="..\Classes\Game\SRLF\SRLFPlayer_Card.cpp">
      <Filter>Game\SRLF</Filter>
    </ClCompile>
    <ClCompile Include="..\Classes\Game\SRLF\SRLFPlayer_Master.cpp">
      <Filter>Game\SRLF</Filter>
    </ClCompile>
    <ClCompile Include="..\Classes\Game\SRLF\SRLFRoomDetail.cpp">
      <Filter>Game\SRLF</Filter>
    </ClCompile>
    <ClCompile Include="..\Classes\Game\SRLF\SRLFSetting.cpp">
      <Filter>Game\SRLF</Filter>
    </ClCompile>
    <ClCompile Include="..\Classes\Game\SRLF\SRLFSoundFun.cpp">
      <Filter>Game\SRLF</Filter>
    </ClCompile>
    <ClCompile Include="..\Classes\Game\WZQ\WZQDGameLogic.cpp">
      <Filter>Game\WZQ</Filter>
    </ClCompile>
    <ClCompile Include="..\Classes\Game\WZQ\WZQDGameScence.cpp">
      <Filter>Game\WZQ</Filter>
    </ClCompile>
    <ClCompile Include="..\Classes\Game\WZQ\WZQDGameScence_Button.cpp">
      <Filter>Game\WZQ</Filter>
    </ClCompile>
    <ClCompile Include="..\Classes\Game\WZQ\WZQDGameScence_CB.cpp">
      <Filter>Game\WZQ</Filter>
    </ClCompile>
    <ClCompile Include="..\Classes\Game\WZQ\WZQDGameScence_Command.cpp">
      <Filter>Game\WZQ</Filter>
    </ClCompile>
    <ClCompile Include="..\Classes\Game\WZQ\WZQDGameScence_Master.cpp">
      <Filter>Game\WZQ</Filter>
    </ClCompile>
    <ClCompile Include="..\Classes\Game\WZQ\WZQDGameScence_Net.cpp">
      <Filter>Game\WZQ</Filter>
    </ClCompile>
    <ClCompile Include="..\Classes\Game\WZQ\WZQDGameScence_Player.cpp">
      <Filter>Game\WZQ</Filter>
    </ClCompile>
    <ClCompile Include="..\Classes\Game\WZQ\WZQDGameScence_Private.cpp">
      <Filter>Game\WZQ</Filter>
    </ClCompile>
    <ClCompile Include="..\Classes\Game\WZQ\WZQDGameScence_Record.cpp">
      <Filter>Game\WZQ</Filter>
    </ClCompile>
    <ClCompile Include="..\Classes\Game\WZQ\WZQDGameScence_Set.cpp">
      <Filter>Game\WZQ</Filter>
    </ClCompile>
    <ClCompile Include="..\Classes\Game\WZQ\WZQDGameScence_Touch.cpp">
      <Filter>Game\WZQ</Filter>
    </ClCompile>
    <ClCompile Include="..\Classes\Game\WZQ\WZQDPlayer.cpp">
      <Filter>Game\WZQ</Filter>
    </ClCompile>
    <ClCompile Include="..\Classes\Game\WZQ\WZQDPlayer_Card.cpp">
      <Filter>Game\WZQ</Filter>
    </ClCompile>
    <ClCompile Include="..\Classes\Game\WZQ\WZQDPlayer_Master.cpp">
      <Filter>Game\WZQ</Filter>
    </ClCompile>
    <ClCompile Include="..\Classes\Game\WZQ\WZQDSoundFun.cpp">
      <Filter>Game\WZQ</Filter>
    </ClCompile>
    <ClCompile Include="..\Classes\Game\XZDD\XZDDGameLogic.cpp">
      <Filter>Game\XZDD</Filter>
    </ClCompile>
    <ClCompile Include="..\Classes\Game\XZDD\XZDDGameScence.cpp">
      <Filter>Game\XZDD</Filter>
    </ClCompile>
    <ClCompile Include="..\Classes\Game\XZDD\XZDDGameScence_Button.cpp">
      <Filter>Game\XZDD</Filter>
    </ClCompile>
    <ClCompile Include="..\Classes\Game\XZDD\XZDDGameScence_CB.cpp">
      <Filter>Game\XZDD</Filter>
    </ClCompile>
    <ClCompile Include="..\Classes\Game\XZDD\XZDDGameScence_Command.cpp">
      <Filter>Game\XZDD</Filter>
    </ClCompile>
    <ClCompile Include="..\Classes\Game\XZDD\XZDDGameScence_Master.cpp">
      <Filter>Game\XZDD</Filter>
    </ClCompile>
    <ClCompile Include="..\Classes\Game\XZDD\XZDDGameScence_Net.cpp">
      <Filter>Game\XZDD</Filter>
    </ClCompile>
    <ClCompile Include="..\Classes\Game\XZDD\XZDDGameScence_Player.cpp">
      <Filter>Game\XZDD</Filter>
    </ClCompile>
    <ClCompile Include="..\Classes\Game\XZDD\XZDDGameScence_Private.cpp">
      <Filter>Game\XZDD</Filter>
    </ClCompile>
    <ClCompile Include="..\Classes\Game\XZDD\XZDDGameScence_Record.cpp">
      <Filter>Game\XZDD</Filter>
    </ClCompile>
    <ClCompile Include="..\Classes\Game\XZDD\XZDDGameScence_Set.cpp">
      <Filter>Game\XZDD</Filter>
    </ClCompile>
    <ClCompile Include="..\Classes\Game\XZDD\XZDDGameScence_Touch.cpp">
      <Filter>Game\XZDD</Filter>
    </ClCompile>
    <ClCompile Include="..\Classes\Game\XZDD\XZDDPlayer.cpp">
      <Filter>Game\XZDD</Filter>
    </ClCompile>
    <ClCompile Include="..\Classes\Game\XZDD\XZDDPlayer_Card.cpp">
      <Filter>Game\XZDD</Filter>
    </ClCompile>
    <ClCompile Include="..\Classes\Game\XZDD\XZDDPlayer_Master.cpp">
      <Filter>Game\XZDD</Filter>
    </ClCompile>
    <ClCompile Include="..\Classes\Game\XZDD\XZDDSoundFun.cpp">
      <Filter>Game\XZDD</Filter>
    </ClCompile>
    <ClCompile Include="..\Classes\Game\ZJH\TLJAnimation.cpp">
      <Filter>Game\ZJH</Filter>
    </ClCompile>
    <ClCompile Include="..\Classes\Game\ZJH\TLJCalculateDetailPanel.cpp">
      <Filter>Game\ZJH</Filter>
    </ClCompile>
    <ClCompile Include="..\Classes\Game\ZJH\TLJCalculatePanel.cpp">
      <Filter>Game\ZJH</Filter>
    </ClCompile>
    <ClCompile Include="..\Classes\Game\ZJH\TLJChipContainer.cpp">
      <Filter>Game\ZJH</Filter>
    </ClCompile>
    <ClCompile Include="..\Classes\Game\ZJH\TLJDismissRoom.cpp">
      <Filter>Game\ZJH</Filter>
    </ClCompile>
    <ClCompile Include="..\Classes\Game\ZJH\TLJDismissRoomConfirm.cpp">
      <Filter>Game\ZJH</Filter>
    </ClCompile>
    <ClCompile Include="..\Classes\Game\ZJH\TLJGameLogic.cpp">
      <Filter>Game\ZJH</Filter>
    </ClCompile>
    <ClCompile Include="..\Classes\Game\ZJH\TLJGameScence.cpp">
      <Filter>Game\ZJH</Filter>
    </ClCompile>
    <ClCompile Include="..\Classes\Game\ZJH\TLJGameScence_Touch.cpp">
      <Filter>Game\ZJH</Filter>
    </ClCompile>
    <ClCompile Include="..\Classes\Game\ZJH\TLJInfoPanel.cpp">
      <Filter>Game\ZJH</Filter>
    </ClCompile>
    <ClCompile Include="..\Classes\Game\ZJH\TLJOperate.cpp">
      <Filter>Game\ZJH</Filter>
    </ClCompile>
    <ClCompile Include="..\Classes\Game\ZJH\TLJPlayer.cpp">
      <Filter>Game\ZJH</Filter>
    </ClCompile>
    <ClCompile Include="..\Classes\Game\ZJH\TLJPlayer_Card.cpp">
      <Filter>Game\ZJH</Filter>
    </ClCompile>
    <ClCompile Include="..\Classes\Game\ZJH\TLJPlayer_Panel.cpp">
      <Filter>Game\ZJH</Filter>
    </ClCompile>
    <ClCompile Include="..\Classes\Game\ZJH\TLJRoomDetail.cpp">
      <Filter>Game\ZJH</Filter>
    </ClCompile>
    <ClCompile Include="..\Classes\Game\ZJH\TLJSettingPanel.cpp">
      <Filter>Game\ZJH</Filter>
    </ClCompile>
    <ClCompile Include="..\Classes\Game\ZJH\TLJSoundFun.cpp">
      <Filter>Game\ZJH</Filter>
    </ClCompile>
  </ItemGroup>
</Project>